
Microsoft Visual Studio Solution File, Format Version 12.00
# Visual Studio 14
VisualStudioVersion = 14.0.24720.0
MinimumVisualStudioVersion = 10.0.40219.1
Project("{FAE04EC0-301F-11D3-BF4B-00C04F79EFBC}") = "IFilterInterface", "FilterInterface\IFilterInterface.csproj", "{2C4B6D7D-24B5-41D3-BB5C-918B4D029713}"
EndProject
Project("{FAE04EC0-301F-11D3-BF4B-00C04F79EFBC}") = "FiltersLibrary", "FiltersLibrary\FiltersLibrary.csproj", "{F2B8C55F-6EDF-4141-BD43-C2DBB618BDFB}"
EndProject
Project("{FAE04EC0-301F-11D3-BF4B-00C04F79EFBC}") = "MyFilters", "MyFilters\MyFilters.csproj", "{703D91D2-C31C-4DC4-A6EA-52A72B4E85AD}"
EndProject
Project("{FAE04EC0-301F-11D3-BF4B-00C04F79EFBC}") = "FilterApp", "FilterApp\FilterApp.csproj", "{0A554848-EA66-423E-BCDF-F93A43AC7671}"
EndProject
Global
	GlobalSection(SolutionConfigurationPlatforms) = preSolution
		Debug|Any CPU = Debug|Any CPU
		Release|Any CPU = Release|Any CPU
	EndGlobalSection
	GlobalSection(ProjectConfigurationPlatforms) = postSolution
		{2C4B6D7D-24B5-41D3-BB5C-918B4D029713}.Debug|Any CPU.ActiveCfg = Debug|Any CPU
		{2C4B6D7D-24B5-41D3-BB5C-918B4D029713}.Debug|Any CPU.Build.0 = Debug|Any CPU
		{2C4B6D7D-24B5-41D3-BB5C-918B4D029713}.Release|Any CPU.ActiveCfg = Release|Any CPU
		{2C4B6D7D-24B5-41D3-BB5C-918B4D029713}.Release|Any CPU.Build.0 = Release|Any CPU
		{F2B8C55F-6EDF-4141-BD43-C2DBB618BDFB}.Debug|Any CPU.ActiveCfg = Debug|Any CPU
		{F2B8C55F-6EDF-4141-BD43-C2DBB618BDFB}.Debug|Any CPU.Build.0 = Debug|Any CPU
		{F2B8C55F-6EDF-4141-BD43-C2DBB618BDFB}.Release|Any CPU.ActiveCfg = Release|Any CPU
		{F2B8C55F-6EDF-4141-BD43-C2DBB618BDFB}.Release|Any CPU.Build.0 = Release|Any CPU
		{703D91D2-C31C-4DC4-A6EA-52A72B4E85AD}.Debug|Any CPU.ActiveCfg = Debug|Any CPU
		{703D91D2-C31C-4DC4-A6EA-52A72B4E85AD}.Debug|Any CPU.Build.0 = Debug|Any CPU
		{703D91D2-C31C-4DC4-A6EA-52A72B4E85AD}.Release|Any CPU.ActiveCfg = Release|Any CPU
		{703D91D2-C31C-4DC4-A6EA-52A72B4E85AD}.Release|Any CPU.Build.0 = Release|Any CPU
		{0A554848-EA66-423E-BCDF-F93A43AC7671}.Debug|Any CPU.ActiveCfg = Debug|Any CPU
		{0A554848-EA66-423E-BCDF-F93A43AC7671}.Debug|Any CPU.Build.0 = Debug|Any CPU
		{0A554848-EA66-423E-BCDF-F93A43AC7671}.Release|Any CPU.ActiveCfg = Release|Any CPU
		{0A554848-EA66-423E-BCDF-F93A43AC7671}.Release|Any CPU.Build.0 = Release|Any CPU
	EndGlobalSection
	GlobalSection(SolutionProperties) = preSolution
		HideSolutionNode = FALSE
	EndGlobalSection
EndGlobal
