
Microsoft Visual Studio Solution File, Format Version 12.00
# Visual Studio 14
VisualStudioVersion = 14.0.24720.0
MinimumVisualStudioVersion = 10.0.40219.1
Project("{FAE04EC0-301F-11D3-BF4B-00C04F79EFBC}") = "EmitDemo", "EmitDemo\EmitDemo.csproj", "{FD208835-8691-4252-AD60-3DDC25DC28FB}"
EndProject
Project("{FAE04EC0-301F-11D3-BF4B-00C04F79EFBC}") = "DynamicAssemblyUsage", "DynamicAssemblyUsage\DynamicAssemblyUsage.csproj", "{616E3F4D-801E-4F01-B788-D9BEC019BFFA}"
EndProject
Global
	GlobalSection(SolutionConfigurationPlatforms) = preSolution
		Debug|Any CPU = Debug|Any CPU
		Release|Any CPU = Release|Any CPU
	EndGlobalSection
	GlobalSection(ProjectConfigurationPlatforms) = postSolution
		{FD208835-8691-4252-AD60-3DDC25DC28FB}.Debug|Any CPU.ActiveCfg = Debug|Any CPU
		{FD208835-8691-4252-AD60-3DDC25DC28FB}.Debug|Any CPU.Build.0 = Debug|Any CPU
		{FD208835-8691-4252-AD60-3DDC25DC28FB}.Release|Any CPU.ActiveCfg = Release|Any CPU
		{FD208835-8691-4252-AD60-3DDC25DC28FB}.Release|Any CPU.Build.0 = Release|Any CPU
		{616E3F4D-801E-4F01-B788-D9BEC019BFFA}.Debug|Any CPU.ActiveCfg = Debug|Any CPU
		{616E3F4D-801E-4F01-B788-D9BEC019BFFA}.Debug|Any CPU.Build.0 = Debug|Any CPU
		{616E3F4D-801E-4F01-B788-D9BEC019BFFA}.Release|Any CPU.ActiveCfg = Release|Any CPU
		{616E3F4D-801E-4F01-B788-D9BEC019BFFA}.Release|Any CPU.Build.0 = Release|Any CPU
	EndGlobalSection
	GlobalSection(SolutionProperties) = preSolution
		HideSolutionNode = FALSE
	EndGlobalSection
EndGlobal
